{
  "version": 4,
  "terraform_version": "1.1.5",
  "serial": 316,
  "lineage": "43a2df9d-315b-4a5d-c202-008169c2e9ae",
  "outputs": {},
  "resources": [
    {
      "mode": "managed",
      "type": "vault_generic_secret",
      "name": "source_kv1_path1_secret1",
      "provider": "provider[\"registry.terraform.io/hashicorp/vault\"].source",
      "instances": [
        {
          "schema_version": 1,
          "attributes": {
            "data": {
              "k1": "secret1-v1",
              "k2": "secret1-v2",
              "k3": "secret1-v3"
            },
            "data_json": "{\"k1\":\"secret1-v1\",\"k2\":\"secret1-v2\",\"k3\":\"secret1-v3\"}",
            "delete_all_versions": false,
            "disable_read": false,
            "id": "kv1/path1/secret1",
            "path": "kv1/path1/secret1"
          },
          "sensitive_attributes": [],
          "private": "eyJzY2hlbWFfdmVyc2lvbiI6IjEifQ==",
          "dependencies": [
            "vault_mount.source_kv1"
          ]
        }
      ]
    },
    {
      "mode": "managed",
      "type": "vault_generic_secret",
      "name": "source_kv2_path2_secret2",
      "provider": "provider[\"registry.terraform.io/hashicorp/vault\"].source",
      "instances": [
        {
          "schema_version": 1,
          "attributes": {
            "data": {
              "k1": "secret2-v1",
              "k2": "secret2-v2",
              "k3": "secret2-v3"
            },
            "data_json": "{\"k1\":\"secret2-v1\",\"k2\":\"secret2-v2\",\"k3\":\"secret2-v3\"}",
            "delete_all_versions": false,
            "disable_read": false,
            "id": "kv2/path2/secret2",
            "path": "kv2/path2/secret2"
          },
          "sensitive_attributes": [],
          "private": "eyJzY2hlbWFfdmVyc2lvbiI6IjEifQ==",
          "dependencies": [
            "vault_mount.source_kv2"
          ]
        }
      ]
    },
    {
      "mode": "managed",
      "type": "vault_generic_secret",
      "name": "source_kv2_path3_secret3",
      "provider": "provider[\"registry.terraform.io/hashicorp/vault\"].source",
      "instances": [
        {
          "schema_version": 1,
          "attributes": {
            "data": {
              "k1": "secret3-v1",
              "k2": "secret3-v2",
              "k3": "secret3-v3"
            },
            "data_json": "{\"k1\":\"secret3-v1\",\"k2\":\"secret3-v2\",\"k3\":\"secret3-v3\"}",
            "delete_all_versions": false,
            "disable_read": false,
            "id": "kv2/path3/secret3",
            "path": "kv2/path3/secret3"
          },
          "sensitive_attributes": [],
          "private": "eyJzY2hlbWFfdmVyc2lvbiI6IjEifQ==",
          "dependencies": [
            "vault_mount.source_kv2"
          ]
        }
      ]
    },
    {
      "mode": "managed",
      "type": "vault_mount",
      "name": "source_kv1",
      "provider": "provider[\"registry.terraform.io/hashicorp/vault\"].source",
      "instances": [
        {
          "schema_version": 0,
          "attributes": {
            "accessor": "kv_e235e710",
            "audit_non_hmac_request_keys": [],
            "audit_non_hmac_response_keys": [],
            "default_lease_ttl_seconds": 0,
            "description": "",
            "external_entropy_access": false,
            "id": "kv1",
            "local": false,
            "max_lease_ttl_seconds": 0,
            "options": null,
            "path": "kv1",
            "seal_wrap": false,
            "type": "kv-v2"
          },
          "sensitive_attributes": [],
          "private": "bnVsbA=="
        }
      ]
    },
    {
      "mode": "managed",
      "type": "vault_mount",
      "name": "source_kv2",
      "provider": "provider[\"registry.terraform.io/hashicorp/vault\"].source",
      "instances": [
        {
          "schema_version": 0,
          "attributes": {
            "accessor": "kv_d90142bd",
            "audit_non_hmac_request_keys": [],
            "audit_non_hmac_response_keys": [],
            "default_lease_ttl_seconds": 0,
            "description": "",
            "external_entropy_access": false,
            "id": "kv2",
            "local": false,
            "max_lease_ttl_seconds": 0,
            "options": null,
            "path": "kv2",
            "seal_wrap": false,
            "type": "kv-v2"
          },
          "sensitive_attributes": [],
          "private": "bnVsbA=="
        }
      ]
    },
    {
      "mode": "managed",
      "type": "vault_mount",
      "name": "target_kv",
      "provider": "provider[\"registry.terraform.io/hashicorp/vault\"].target",
      "instances": [
        {
          "schema_version": 0,
          "attributes": {
            "accessor": "kv_38979f76",
            "audit_non_hmac_request_keys": [],
            "audit_non_hmac_response_keys": [],
            "default_lease_ttl_seconds": 0,
            "description": "",
            "external_entropy_access": false,
            "id": "kv",
            "local": false,
            "max_lease_ttl_seconds": 0,
            "options": null,
            "path": "kv",
            "seal_wrap": false,
            "type": "kv-v2"
          },
          "sensitive_attributes": [],
          "private": "bnVsbA=="
        }
      ]
    },
    {
      "mode": "managed",
      "type": "vault_policy",
      "name": "source_kv1",
      "provider": "provider[\"registry.terraform.io/hashicorp/vault\"].source",
      "instances": [
        {
          "schema_version": 0,
          "attributes": {
            "id": "hvc-kv1",
            "name": "hvc-kv1",
            "policy": "path \"kv1/metadata/*\" {\n  capabilities = [\"read\"]\n}\n\npath \"kv1/data/*\" {\n  capabilities = [\"read\"]\n}\n"
          },
          "sensitive_attributes": [],
          "private": "bnVsbA==",
          "dependencies": [
            "vault_mount.source_kv1"
          ]
        }
      ]
    },
    {
      "mode": "managed",
      "type": "vault_policy",
      "name": "source_kv2",
      "provider": "provider[\"registry.terraform.io/hashicorp/vault\"].source",
      "instances": [
        {
          "schema_version": 0,
          "attributes": {
            "id": "hvc-kv2",
            "name": "hvc-kv2",
            "policy": "path \"kv2/metadata/*\" {\n  capabilities = [\"read\"]\n}\n\npath \"kv2/data/*\" {\n  capabilities = [\"read\"]\n}\n"
          },
          "sensitive_attributes": [],
          "private": "bnVsbA==",
          "dependencies": [
            "vault_mount.source_kv2"
          ]
        }
      ]
    },
    {
      "mode": "managed",
      "type": "vault_policy",
      "name": "target_kv",
      "provider": "provider[\"registry.terraform.io/hashicorp/vault\"].target",
      "instances": [
        {
          "schema_version": 0,
          "attributes": {
            "id": "hvc-kv",
            "name": "hvc-kv",
            "policy": "path \"kv/metadata/*\" {\n  capabilities = [\"read\"]\n}\n\npath \"kv/data/*\" {\n  capabilities = [\"create\",\"update\"]\n}\n"
          },
          "sensitive_attributes": [],
          "private": "bnVsbA==",
          "dependencies": [
            "vault_mount.target_kv"
          ]
        }
      ]
    }
  ]
}
